{
  "nodes": {
    "flake-parts": {
      "inputs": {
        "nixpkgs-lib": "nixpkgs-lib"
      },
      "locked": {
        "lastModified": 1704982712,
        "narHash": "sha256-2Ptt+9h8dczgle2Oo6z5ni5rt/uLMG47UFTR1ry/wgg=",
        "owner": "hercules-ci",
        "repo": "flake-parts",
        "rev": "07f6395285469419cf9d078f59b5b49993198c00",
        "type": "github"
      },
      "original": {
        "id": "flake-parts",
        "type": "indirect"
      }
    },
    "nixpkgs": {
      "locked": {
        "lastModified": 1705666311,
        "narHash": "sha256-VYdSQm7zq3AStyHhRr3SBCTA8fVzrl6WtIlXTs2Wlts=",
        "owner": "NixOS",
        "repo": "nixpkgs",
        "rev": "a455c5fb3ee513e2f443838a0e84d52b035adb67",
        "type": "github"
      },
      "original": {
        "owner": "NixOS",
        "ref": "nixpkgs-unstable",
        "repo": "nixpkgs",
        "type": "github"
      }
    },
    "nixpkgs-lib": {
      "locked": {
        "dir": "lib",
        "lastModified": 1703961334,
        "narHash": "sha256-M1mV/Cq+pgjk0rt6VxoyyD+O8cOUiai8t9Q6Yyq4noY=",
        "owner": "NixOS",
        "repo": "nixpkgs",
        "rev": "b0d36bd0a420ecee3bc916c91886caca87c894e9",
        "type": "github"
      },
      "original": {
        "dir": "lib",
        "owner": "NixOS",
        "ref": "nixos-unstable",
        "repo": "nixpkgs",
        "type": "github"
      }
    },
    "phpstan-src": {
      "flake": false,
      "locked": {
        "lastModified": 1705668536,
        "narHash": "sha256-LwLO5Ld4Y0dPTZyF7Xa4xk4agAh5aXSSWHrRsbc6oSs=",
        "owner": "phpstan",
        "repo": "phpstan",
        "rev": "4bf4a2407479e83fa97e00077bb67e4dae6bbee0",
        "type": "github"
      },
      "original": {
        "owner": "phpstan",
        "repo": "phpstan",
        "type": "github"
      }
    },
    "root": {
      "inputs": {
        "flake-parts": "flake-parts",
        "nixpkgs": "nixpkgs",
        "phpstan-src": "phpstan-src"
      }
    }
  },
  "root": "root",
  "version": 7
}
