{
  "nodes": {
    "flake-utils": {
      "locked": {
        "lastModified": 1656928814,
        "narHash": "sha256-RIFfgBuKz6Hp89yRr7+NR5tzIAbn52h8vT6vXkYjZoM=",
        "owner": "numtide",
        "repo": "flake-utils",
        "rev": "7e2a3b3dfd9af950a856d66b0a7d01e3c18aa249",
        "type": "github"
      },
      "original": {
        "owner": "numtide",
        "repo": "flake-utils",
        "type": "github"
      }
    },
    "nixpkgs": {
      "locked": {
        "lastModified": 1657674999,
        "narHash": "sha256-RRQLkC3aGEf4ySAUQT08K0EPnsf6IW02QIy8yPLD3jw=",
        "owner": "NixOS",
        "repo": "nixpkgs",
        "rev": "01b8587401f41aecd4b77aa9698c0cba65a38882",
        "type": "github"
      },
      "original": {
        "owner": "NixOS",
        "ref": "nixpkgs-unstable",
        "repo": "nixpkgs",
        "type": "github"
      }
    },
    "phpstan-src": {
      "flake": false,
      "locked": {
        "lastModified": 1657716157,
        "narHash": "sha256-UMgydczHlhcF1zPI0cIgLlohwCT/nnpEjOEJ14R5kx0=",
        "owner": "phpstan",
        "repo": "phpstan",
        "rev": "57f327c35daddeb76b39f166c5792ca86ed3f472",
        "type": "github"
      },
      "original": {
        "owner": "phpstan",
        "repo": "phpstan",
        "type": "github"
      }
    },
    "root": {
      "inputs": {
        "flake-utils": "flake-utils",
        "nixpkgs": "nixpkgs",
        "phpstan-src": "phpstan-src"
      }
    }
  },
  "root": "root",
  "version": 7
}
