{
  "nodes": {
    "flake-utils": {
      "locked": {
        "lastModified": 1676283394,
        "narHash": "sha256-XX2f9c3iySLCw54rJ/CZs+ZK6IQy7GXNY4nSOyu2QG4=",
        "owner": "numtide",
        "repo": "flake-utils",
        "rev": "3db36a8b464d0c4532ba1c7dda728f4576d6d073",
        "type": "github"
      },
      "original": {
        "owner": "numtide",
        "repo": "flake-utils",
        "type": "github"
      }
    },
    "nixpkgs": {
      "locked": {
        "lastModified": 1677534593,
        "narHash": "sha256-PuZSAHeq4/9pP/uYH1FcagQ3nLm/DrDrvKi/xC9glvw=",
        "owner": "NixOS",
        "repo": "nixpkgs",
        "rev": "3ad64d9e2d5bf80c877286102355b1625891ae9a",
        "type": "github"
      },
      "original": {
        "owner": "NixOS",
        "ref": "nixpkgs-unstable",
        "repo": "nixpkgs",
        "type": "github"
      }
    },
    "phpstan-src": {
      "flake": false,
      "locked": {
        "lastModified": 1677594706,
        "narHash": "sha256-uYQj6j94d1t79nTEFhnihEuIii/RA8B8Na4r7A5uWJI=",
        "owner": "phpstan",
        "repo": "phpstan",
        "rev": "3317fafbf7a4457185bf096e7dc37cbb9d681604",
        "type": "github"
      },
      "original": {
        "owner": "phpstan",
        "repo": "phpstan",
        "type": "github"
      }
    },
    "root": {
      "inputs": {
        "flake-utils": "flake-utils",
        "nixpkgs": "nixpkgs",
        "phpstan-src": "phpstan-src"
      }
    }
  },
  "root": "root",
  "version": 7
}
